<?xml version="1.0" encoding="utf-8"?>
<Project ToolsVersion="17.0" xmlns="http://schemas.microsoft.com/developer/msbuild/2003">
  <ItemGroup>
    <ClCompile Include="C:\Users\sigon\source\repos\hamster\src\HamsterGame.cpp">
      <Filter>Source Files</Filter>
    </ClCompile>
    <ClCompile Include="C:\Users\sigon\source\repos\hamster\src\olcPGEX_MiniAudio.cpp">
      <Filter>Source Files</Filter>
    </ClCompile>
    <ClCompile Include="C:\Users\sigon\source\repos\hamster\src\olcPixelGameEngine.cpp">
      <Filter>Source Files</Filter>
    </ClCompile>
    <ClCompile Include="src\Hamster.cpp">
      <Filter>Source Files</Filter>
    </ClCompile>
    <ClCompile Include="src\util.cpp">
      <Filter>Source Files</Filter>
    </ClCompile>
    <ClCompile Include="src\Border.cpp">
      <Filter>Source Files</Filter>
    </ClCompile>
    <ClCompile Include="src\Terrain.cpp">
      <Filter>Source Files</Filter>
    </ClCompile>
    <ClCompile Include="src\Powerup.cpp">
      <Filter>Source Files</Filter>
    </ClCompile>
  </ItemGroup>
  <ItemGroup>
    <CustomBuild Include="C:\Users\sigon\source\repos\hamster\CMakeLists.txt" />
  </ItemGroup>
  <ItemGroup>
    <Filter Include="Source Files">
      <UniqueIdentifier>{6FA4D8BB-23B0-3494-9ED3-B7DCE970FEDF}</UniqueIdentifier>
    </Filter>
    <Filter Include="Documentation">
      <UniqueIdentifier>{0c937f43-f698-48b6-8e33-db430980b4b3}</UniqueIdentifier>
    </Filter>
    <Filter Include="Header Files">
      <UniqueIdentifier>{078c2bff-1167-47bd-8969-c26c20154747}</UniqueIdentifier>
    </Filter>
  </ItemGroup>
  <ItemGroup>
    <Text Include="src\CREDITS.txt">
      <Filter>Documentation</Filter>
    </Text>
    <Text Include="src\TODO.txt">
      <Filter>Documentation</Filter>
    </Text>
  </ItemGroup>
  <ItemGroup>
    <ClInclude Include="src\HamsterGame.h">
      <Filter>Header Files</Filter>
    </ClInclude>
    <ClInclude Include="src\miniaudio.h">
      <Filter>Header Files</Filter>
    </ClInclude>
    <ClInclude Include="src\olcPGEX_MiniAudio.h">
      <Filter>Header Files</Filter>
    </ClInclude>
    <ClInclude Include="src\olcPixelGameEngine.h">
      <Filter>Header Files</Filter>
    </ClInclude>
    <ClInclude Include="src\olcUTIL_Geometry2D.h">
      <Filter>Header Files</Filter>
    </ClInclude>
    <ClInclude Include="src\olcUTIL_Animate2D.h">
      <Filter>Header Files</Filter>
    </ClInclude>
    <ClInclude Include="src\olcUTIL_Camera2D.h">
      <Filter>Header Files</Filter>
    </ClInclude>
    <ClInclude Include="src\Hamster.h">
      <Filter>Header Files</Filter>
    </ClInclude>
    <ClInclude Include="src\util.h">
      <Filter>Header Files</Filter>
    </ClInclude>
    <ClInclude Include="src\olcPGEX_TransformedView.h">
      <Filter>Header Files</Filter>
    </ClInclude>
    <ClInclude Include="src\Border.h">
      <Filter>Header Files</Filter>
    </ClInclude>
    <ClInclude Include="src\TMXParser.h">
      <Filter>Header Files</Filter>
    </ClInclude>
    <ClInclude Include="src\TSXParser.h">
      <Filter>Header Files</Filter>
    </ClInclude>
    <ClInclude Include="src\Terrain.h">
      <Filter>Header Files</Filter>
    </ClInclude>
    <ClInclude Include="src\Powerup.h">
      <Filter>Header Files</Filter>
    </ClInclude>
  </ItemGroup>
</Project>