<?xml version="1.0" encoding="utf-8"?>
<Project ToolsVersion="17.0" xmlns="http://schemas.microsoft.com/developer/msbuild/2003">
  <ItemGroup>
    <ClCompile Include="C:\Users\sigon\source\repos\hamster\src\HamsterGame.cpp">
      <Filter>Source Files</Filter>
    </ClCompile>
    <ClCompile Include="C:\Users\sigon\source\repos\hamster\src\olcPGEX_MiniAudio.cpp">
      <Filter>Source Files</Filter>
    </ClCompile>
    <ClCompile Include="C:\Users\sigon\source\repos\hamster\src\olcPixelGameEngine.cpp">
      <Filter>Source Files</Filter>
    </ClCompile>
  </ItemGroup>
  <ItemGroup>
    <CustomBuild Include="C:\Users\sigon\source\repos\hamster\CMakeLists.txt" />
  </ItemGroup>
  <ItemGroup>
    <Filter Include="Source Files">
      <UniqueIdentifier>{6FA4D8BB-23B0-3494-9ED3-B7DCE970FEDF}</UniqueIdentifier>
    </Filter>
  </ItemGroup>
</Project>
