
Microsoft Visual Studio Solution File, Format Version 12.00
# Visual Studio Version 17
Project("{8BC9CEB8-8B4A-11D0-8D11-00A0C91BC942}") = "hamster", "hamster.vcxproj", "{BE0D490D-4C46-3C09-AC76-396388C3D6FF}"
	ProjectSection(ProjectDependencies) = postProject
		{A1B2CDDF-E4C4-3CD3-ABD9-9EB877441F5B} = {A1B2CDDF-E4C4-3CD3-ABD9-9EB877441F5B}
		{CC963984-4384-3CCA-8B91-8A023E4392E9} = {CC963984-4384-3CCA-8B91-8A023E4392E9}
	EndProjectSection
EndProject
Project("{8BC9CEB8-8B4A-11D0-8D11-00A0C91BC942}") = "ALL_BUILD", "ALL_BUILD.vcxproj", "{78DD63E2-85EA-3547-BDC5-9E417448DDE3}"
	ProjectSection(ProjectDependencies) = postProject
		{A1B2CDDF-E4C4-3CD3-ABD9-9EB877441F5B} = {A1B2CDDF-E4C4-3CD3-ABD9-9EB877441F5B}
		{BE0D490D-4C46-3C09-AC76-396388C3D6FF} = {BE0D490D-4C46-3C09-AC76-396388C3D6FF}
	EndProjectSection
EndProject
Project("{8BC9CEB8-8B4A-11D0-8D11-00A0C91BC942}") = "ZERO_CHECK", "ZERO_CHECK.vcxproj", "{A1B2CDDF-E4C4-3CD3-ABD9-9EB877441F5B}"
	ProjectSection(ProjectDependencies) = postProject
	EndProjectSection
EndProject
Project("{8BC9CEB8-8B4A-11D0-8D11-00A0C91BC942}") = "copy_data", "copy_data.vcxproj", "{CC963984-4384-3CCA-8B91-8A023E4392E9}"
	ProjectSection(ProjectDependencies) = postProject
		{A1B2CDDF-E4C4-3CD3-ABD9-9EB877441F5B} = {A1B2CDDF-E4C4-3CD3-ABD9-9EB877441F5B}
	EndProjectSection
EndProject
Global
	GlobalSection(SolutionConfigurationPlatforms) = preSolution
		Debug|x64 = Debug|x64
		Release|x64 = Release|x64
		MinSizeRel|x64 = MinSizeRel|x64
		RelWithDebInfo|x64 = RelWithDebInfo|x64
	EndGlobalSection
	GlobalSection(ProjectConfigurationPlatforms) = postSolution
		{BE0D490D-4C46-3C09-AC76-396388C3D6FF}.Debug|x64.ActiveCfg = Debug|x64
		{BE0D490D-4C46-3C09-AC76-396388C3D6FF}.Debug|x64.Build.0 = Debug|x64
		{BE0D490D-4C46-3C09-AC76-396388C3D6FF}.Release|x64.ActiveCfg = Release|x64
		{BE0D490D-4C46-3C09-AC76-396388C3D6FF}.Release|x64.Build.0 = Release|x64
		{BE0D490D-4C46-3C09-AC76-396388C3D6FF}.MinSizeRel|x64.ActiveCfg = MinSizeRel|x64
		{BE0D490D-4C46-3C09-AC76-396388C3D6FF}.MinSizeRel|x64.Build.0 = MinSizeRel|x64
		{BE0D490D-4C46-3C09-AC76-396388C3D6FF}.RelWithDebInfo|x64.ActiveCfg = RelWithDebInfo|x64
		{BE0D490D-4C46-3C09-AC76-396388C3D6FF}.RelWithDebInfo|x64.Build.0 = RelWithDebInfo|x64
		{78DD63E2-85EA-3547-BDC5-9E417448DDE3}.Debug|x64.ActiveCfg = Debug|x64
		{78DD63E2-85EA-3547-BDC5-9E417448DDE3}.Release|x64.ActiveCfg = Release|x64
		{78DD63E2-85EA-3547-BDC5-9E417448DDE3}.MinSizeRel|x64.ActiveCfg = MinSizeRel|x64
		{78DD63E2-85EA-3547-BDC5-9E417448DDE3}.RelWithDebInfo|x64.ActiveCfg = RelWithDebInfo|x64
		{A1B2CDDF-E4C4-3CD3-ABD9-9EB877441F5B}.Debug|x64.ActiveCfg = Debug|x64
		{A1B2CDDF-E4C4-3CD3-ABD9-9EB877441F5B}.Debug|x64.Build.0 = Debug|x64
		{A1B2CDDF-E4C4-3CD3-ABD9-9EB877441F5B}.Release|x64.ActiveCfg = Release|x64
		{A1B2CDDF-E4C4-3CD3-ABD9-9EB877441F5B}.Release|x64.Build.0 = Release|x64
		{A1B2CDDF-E4C4-3CD3-ABD9-9EB877441F5B}.MinSizeRel|x64.ActiveCfg = MinSizeRel|x64
		{A1B2CDDF-E4C4-3CD3-ABD9-9EB877441F5B}.MinSizeRel|x64.Build.0 = MinSizeRel|x64
		{A1B2CDDF-E4C4-3CD3-ABD9-9EB877441F5B}.RelWithDebInfo|x64.ActiveCfg = RelWithDebInfo|x64
		{A1B2CDDF-E4C4-3CD3-ABD9-9EB877441F5B}.RelWithDebInfo|x64.Build.0 = RelWithDebInfo|x64
		{CC963984-4384-3CCA-8B91-8A023E4392E9}.Debug|x64.ActiveCfg = Debug|x64
		{CC963984-4384-3CCA-8B91-8A023E4392E9}.Debug|x64.Build.0 = Debug|x64
		{CC963984-4384-3CCA-8B91-8A023E4392E9}.Release|x64.ActiveCfg = Release|x64
		{CC963984-4384-3CCA-8B91-8A023E4392E9}.Release|x64.Build.0 = Release|x64
		{CC963984-4384-3CCA-8B91-8A023E4392E9}.MinSizeRel|x64.ActiveCfg = MinSizeRel|x64
		{CC963984-4384-3CCA-8B91-8A023E4392E9}.MinSizeRel|x64.Build.0 = MinSizeRel|x64
		{CC963984-4384-3CCA-8B91-8A023E4392E9}.RelWithDebInfo|x64.ActiveCfg = RelWithDebInfo|x64
		{CC963984-4384-3CCA-8B91-8A023E4392E9}.RelWithDebInfo|x64.Build.0 = RelWithDebInfo|x64
	EndGlobalSection
	GlobalSection(ExtensibilityGlobals) = postSolution
		SolutionGuid = {FB9AF13F-7949-3C63-A714-F817C6CA15B9}
	EndGlobalSection
	GlobalSection(ExtensibilityAddIns) = postSolution
	EndGlobalSection
EndGlobal
